
Microsoft Visual Studio Solution File, Format Version 12.00
# Visual Studio Version 17
VisualStudioVersion = 17.5.33530.505
MinimumVisualStudioVersion = 10.0.40219.1
Project("{FAE04EC0-301F-11D3-BF4B-00C04F79EFBC}") = "class1", "class1\class1.csproj", "{07C75202-A1DF-4A67-A372-5EF011AD3DAC}"
EndProject
Global
	GlobalSection(SolutionConfigurationPlatforms) = preSolution
		Debug|Any CPU = Debug|Any CPU
		Release|Any CPU = Release|Any CPU
	EndGlobalSection
	GlobalSection(ProjectConfigurationPlatforms) = postSolution
		{07C75202-A1DF-4A67-A372-5EF011AD3DAC}.Debug|Any CPU.ActiveCfg = Debug|Any CPU
		{07C75202-A1DF-4A67-A372-5EF011AD3DAC}.Debug|Any CPU.Build.0 = Debug|Any CPU
		{07C75202-A1DF-4A67-A372-5EF011AD3DAC}.Release|Any CPU.ActiveCfg = Release|Any CPU
		{07C75202-A1DF-4A67-A372-5EF011AD3DAC}.Release|Any CPU.Build.0 = Release|Any CPU
	EndGlobalSection
	GlobalSection(SolutionProperties) = preSolution
		HideSolutionNode = FALSE
	EndGlobalSection
	GlobalSection(ExtensibilityGlobals) = postSolution
		SolutionGuid = {EE1A20AE-65F6-4D3D-98E8-04980E88267D}
	EndGlobalSection
EndGlobal
